PODS:
  - FlutterMacOS (1.0.0)
  - icstudio_core (0.0.1):
    - FlutterMacOS

DEPENDENCIES:
  - FlutterMacOS (from `Flutter/ephemeral`)
  - icstudio_core (from `Flutter/ephemeral/.symlinks/plugins/icstudio_core/macos`)

EXTERNAL SOURCES:
  FlutterMacOS:
    :path: Flutter/ephemeral
  icstudio_core:
    :path: Flutter/ephemeral/.symlinks/plugins/icstudio_core/macos

SPEC CHECKSUMS:
  FlutterMacOS: d0db08ddef1a9af05a5ec4b724367152bb0500b1
  icstudio_core: a4c98b1dc6515c86bdc2185ec33ff516119d605a

PODFILE CHECKSUM: 54d867c82ac51cbd61b565781b9fada492027009

COCOAPODS: 1.16.2
